{
  "name": "y",
  "version": "1.0.0",
  "lockfileVersion": 2,
  "requires": true,
  "packages": {
    "": {
      "name": "y",
      "version": "1.0.0",
      "license": "MIT",
      "dependencies": {
        "aos": "^2.3.4",
        "bootstrap": "^5.1.3",
        "chartjs": "^0.3.24",
        "jquery": "^3.6.0",
        "rellax": "^1.12.1",
        "sqlite": "^4.0.23",
        "swiper": "^7.3.3",
        "typed": "^2.0.0-alpha.0",
        "typedjs": "^0.2.2"
      }
    },
    "node_modules/@popperjs/core": {
      "version": "2.11.0",
      "resolved": "https://registry.npmjs.org/@popperjs/core/-/core-2.11.0.tgz",
      "integrity": "sha512-zrsUxjLOKAzdewIDRWy9nsV1GQsKBCWaGwsZQlCgr6/q+vjyZhFgqedLfFBuI9anTPEUT4APq9Mu0SZBTzIcGQ==",
      "peer": true,
      "funding": {
        "type": "opencollective",
        "url": "https://opencollective.com/popperjs"
      }
    },
    "node_modules/aos": {
      "version": "2.3.4",
      "resolved": "https://registry.npmjs.org/aos/-/aos-2.3.4.tgz",
      "integrity": "sha512-zh/ahtR2yME4I51z8IttIt4lC1Nw0ktsFtmeDzID1m9naJnWXhCoARaCgNOGXb5CLy3zm+wqmRAEgMYB5E2HUw==",
      "dependencies": {
        "classlist-polyfill": "^1.0.3",
        "lodash.debounce": "^4.0.6",
        "lodash.throttle": "^4.0.1"
      }
    },
    "node_modules/bootstrap": {
      "version": "5.1.3",
      "resolved": "https://registry.npmjs.org/bootstrap/-/bootstrap-5.1.3.tgz",
      "integrity": "sha512-fcQztozJ8jToQWXxVuEyXWW+dSo8AiXWKwiSSrKWsRB/Qt+Ewwza+JWoLKiTuQLaEPhdNAJ7+Dosc9DOIqNy7Q==",
      "funding": {
        "type": "opencollective",
        "url": "https://opencollective.com/bootstrap"
      },
      "peerDependencies": {
        "@popperjs/core": "^2.10.2"
      }
    },
    "node_modules/chartjs": {
      "version": "0.3.24",
      "resolved": "https://registry.npmjs.org/chartjs/-/chartjs-0.3.24.tgz",
      "integrity": "sha1-Ot3rWuNgaz6J40bCfVLKFYQW6T0="
    },
    "node_modules/classlist-polyfill": {
      "version": "1.2.0",
      "resolved": "https://registry.npmjs.org/classlist-polyfill/-/classlist-polyfill-1.2.0.tgz",
      "integrity": "sha1-k1vC39lFiodrJ5YXUUY4vKqWSi4="
    },
    "node_modules/dom7": {
      "version": "4.0.2",
      "resolved": "https://registry.npmjs.org/dom7/-/dom7-4.0.2.tgz",
      "integrity": "sha512-Ji4t3Y/vNQg6Q9bR+Syx6Td8qiq8116LE9h4OzbPuxdxK7DyyX7i8EXkYgBX6+EiX6+oYXDTH5BSN29G/n4jug==",
      "dependencies": {
        "ssr-window": "^4.0.0"
      }
    },
    "node_modules/dune": {
      "version": "0.2.1",
      "resolved": "https://registry.npmjs.org/dune/-/dune-0.2.1.tgz",
      "integrity": "sha1-5w/HsIAvFvzXzSskiSajZT7vB+I=",
      "engines": {
        "node": "*"
      }
    },
    "node_modules/esprima": {
      "version": "4.0.1",
      "resolved": "https://registry.npmjs.org/esprima/-/esprima-4.0.1.tgz",
      "integrity": "sha512-eGuFFw7Upda+g4p+QHvnW0RyTX/SVeJBDM/gCtMARO0cLuT2HcEKnTPvhjV6aGeqrCB/sbNop0Kszm0jsaWU4A==",
      "bin": {
        "esparse": "bin/esparse.js",
        "esvalidate": "bin/esvalidate.js"
      },
      "engines": {
        "node": ">=4"
      }
    },
    "node_modules/fu": {
      "version": "0.1.0",
      "resolved": "https://registry.npmjs.org/fu/-/fu-0.1.0.tgz",
      "integrity": "sha1-lOAdtBfMw7hrSaPMA8MZv10qyzo="
    },
    "node_modules/jquery": {
      "version": "3.6.0",
      "resolved": "https://registry.npmjs.org/jquery/-/jquery-3.6.0.tgz",
      "integrity": "sha512-JVzAR/AjBvVt2BmYhxRCSYysDsPcssdmTFnzyLEts9qNwmjmu4JTAMYubEfwVOSwpQ1I1sKKFcxhZCI2buerfw=="
    },
    "node_modules/lodash.debounce": {
      "version": "4.0.8",
      "resolved": "https://registry.npmjs.org/lodash.debounce/-/lodash.debounce-4.0.8.tgz",
      "integrity": "sha1-gteb/zCmfEAF/9XiUVMArZyk168="
    },
    "node_modules/lodash.throttle": {
      "version": "4.1.1",
      "resolved": "https://registry.npmjs.org/lodash.throttle/-/lodash.throttle-4.1.1.tgz",
      "integrity": "sha1-wj6RtxAkKscMN/HhzaknTMOb8vQ="
    },
    "node_modules/rellax": {
      "version": "1.12.1",
      "resolved": "https://registry.npmjs.org/rellax/-/rellax-1.12.1.tgz",
      "integrity": "sha512-XBIi0CDpW5FLTujYjYBn1CIbK2CJL6TsAg/w409KghP2LucjjzBjsujXDAjyBLWgsfupfUcL5WzdnIPcGfK7XA=="
    },
    "node_modules/rsts": {
      "version": "0.0.4",
      "resolved": "https://registry.npmjs.org/rsts/-/rsts-0.0.4.tgz",
      "integrity": "sha512-fDV/ORSMS+b18d7Ai6LYvxTtcUOV/sZpNxqjqOZuknHeHthaU35hZ1ZUILKR1vh9Yarxw7/iSx53/XDwIZJopA=="
    },
    "node_modules/sqlite": {
      "version": "4.0.23",
      "resolved": "https://registry.npmjs.org/sqlite/-/sqlite-4.0.23.tgz",
      "integrity": "sha512-dSdmSkrdIhUL7xP/fiEMfFuAo4dxb0afag3rK8T4Y9lYxE3g3fXT0J8H9qSFvmcKxnM0zEA8yvLbpdWQ8mom3g=="
    },
    "node_modules/ssr-window": {
      "version": "4.0.2",
      "resolved": "https://registry.npmjs.org/ssr-window/-/ssr-window-4.0.2.tgz",
      "integrity": "sha512-ISv/Ch+ig7SOtw7G2+qkwfVASzazUnvlDTwypdLoPoySv+6MqlOV10VwPSE6EWkGjhW50lUmghPmpYZXMu/+AQ=="
    },
    "node_modules/swiper": {
      "version": "7.3.3",
      "resolved": "https://registry.npmjs.org/swiper/-/swiper-7.3.3.tgz",
      "integrity": "sha512-Y6kjNI3MhqkLPOf01AZwXMxULMeFDEavArDyVKbOlBLhz+h3hj4vIHwbDUwI0k5iVH7VYNE67jWLsQmoKjuaVA==",
      "funding": [
        {
          "type": "patreon",
          "url": "https://www.patreon.com/swiperjs"
        },
        {
          "type": "open_collective",
          "url": "http://opencollective.com/swiper"
        }
      ],
      "hasInstallScript": true,
      "dependencies": {
        "dom7": "^4.0.2",
        "ssr-window": "^4.0.2"
      },
      "engines": {
        "node": ">= 4.7.0"
      }
    },
    "node_modules/tg": {
      "version": "0.0.7",
      "resolved": "https://registry.npmjs.org/tg/-/tg-0.0.7.tgz",
      "integrity": "sha1-lAqU3traBd/5e59berSyH/b09Xw="
    },
    "node_modules/typed": {
      "version": "2.0.0-alpha.0",
      "resolved": "https://registry.npmjs.org/typed/-/typed-2.0.0-alpha.0.tgz",
      "integrity": "sha512-K7y1Ayhov7umfj5a61WbkpHHMypjttJBLcXvXOBGXLeXv97oFxKAOSqZS4w5AihesLOrLLhLsV2bDqtuM8Zqow==",
      "dependencies": {
        "rsts": "^0.0.4"
      }
    },
    "node_modules/typedjs": {
      "version": "0.2.2",
      "resolved": "https://registry.npmjs.org/typedjs/-/typedjs-0.2.2.tgz",
      "integrity": "sha1-dQLMyeUz4oXTCo4pLC72l+FnDw8=",
      "bundleDependencies": [
        "parser.js"
      ],
      "dependencies": {
        "dune": "*",
        "esprima": "*",
        "fu": "*",
        "tg": "*"
      },
      "bin": {
        "typedjs": "bin/typedjs"
      },
      "engines": {
        "node": "*"
      }
    }
  },
  "dependencies": {
    "@popperjs/core": {
      "version": "2.11.0",
      "resolved": "https://registry.npmjs.org/@popperjs/core/-/core-2.11.0.tgz",
      "integrity": "sha512-zrsUxjLOKAzdewIDRWy9nsV1GQsKBCWaGwsZQlCgr6/q+vjyZhFgqedLfFBuI9anTPEUT4APq9Mu0SZBTzIcGQ==",
      "peer": true
    },
    "aos": {
      "version": "2.3.4",
      "resolved": "https://registry.npmjs.org/aos/-/aos-2.3.4.tgz",
      "integrity": "sha512-zh/ahtR2yME4I51z8IttIt4lC1Nw0ktsFtmeDzID1m9naJnWXhCoARaCgNOGXb5CLy3zm+wqmRAEgMYB5E2HUw==",
      "requires": {
        "classlist-polyfill": "^1.0.3",
        "lodash.debounce": "^4.0.6",
        "lodash.throttle": "^4.0.1"
      }
    },
    "bootstrap": {
      "version": "5.1.3",
      "resolved": "https://registry.npmjs.org/bootstrap/-/bootstrap-5.1.3.tgz",
      "integrity": "sha512-fcQztozJ8jToQWXxVuEyXWW+dSo8AiXWKwiSSrKWsRB/Qt+Ewwza+JWoLKiTuQLaEPhdNAJ7+Dosc9DOIqNy7Q==",
      "requires": {}
    },
    "chartjs": {
      "version": "0.3.24",
      "resolved": "https://registry.npmjs.org/chartjs/-/chartjs-0.3.24.tgz",
      "integrity": "sha1-Ot3rWuNgaz6J40bCfVLKFYQW6T0="
    },
    "classlist-polyfill": {
      "version": "1.2.0",
      "resolved": "https://registry.npmjs.org/classlist-polyfill/-/classlist-polyfill-1.2.0.tgz",
      "integrity": "sha1-k1vC39lFiodrJ5YXUUY4vKqWSi4="
    },
    "dom7": {
      "version": "4.0.2",
      "resolved": "https://registry.npmjs.org/dom7/-/dom7-4.0.2.tgz",
      "integrity": "sha512-Ji4t3Y/vNQg6Q9bR+Syx6Td8qiq8116LE9h4OzbPuxdxK7DyyX7i8EXkYgBX6+EiX6+oYXDTH5BSN29G/n4jug==",
      "requires": {
        "ssr-window": "^4.0.0"
      }
    },
    "dune": {
      "version": "0.2.1",
      "resolved": "https://registry.npmjs.org/dune/-/dune-0.2.1.tgz",
      "integrity": "sha1-5w/HsIAvFvzXzSskiSajZT7vB+I="
    },
    "esprima": {
      "version": "4.0.1",
      "resolved": "https://registry.npmjs.org/esprima/-/esprima-4.0.1.tgz",
      "integrity": "sha512-eGuFFw7Upda+g4p+QHvnW0RyTX/SVeJBDM/gCtMARO0cLuT2HcEKnTPvhjV6aGeqrCB/sbNop0Kszm0jsaWU4A=="
    },
    "fu": {
      "version": "0.1.0",
      "resolved": "https://registry.npmjs.org/fu/-/fu-0.1.0.tgz",
      "integrity": "sha1-lOAdtBfMw7hrSaPMA8MZv10qyzo="
    },
    "jquery": {
      "version": "3.6.0",
      "resolved": "https://registry.npmjs.org/jquery/-/jquery-3.6.0.tgz",
      "integrity": "sha512-JVzAR/AjBvVt2BmYhxRCSYysDsPcssdmTFnzyLEts9qNwmjmu4JTAMYubEfwVOSwpQ1I1sKKFcxhZCI2buerfw=="
    },
    "lodash.debounce": {
      "version": "4.0.8",
      "resolved": "https://registry.npmjs.org/lodash.debounce/-/lodash.debounce-4.0.8.tgz",
      "integrity": "sha1-gteb/zCmfEAF/9XiUVMArZyk168="
    },
    "lodash.throttle": {
      "version": "4.1.1",
      "resolved": "https://registry.npmjs.org/lodash.throttle/-/lodash.throttle-4.1.1.tgz",
      "integrity": "sha1-wj6RtxAkKscMN/HhzaknTMOb8vQ="
    },
    "rellax": {
      "version": "1.12.1",
      "resolved": "https://registry.npmjs.org/rellax/-/rellax-1.12.1.tgz",
      "integrity": "sha512-XBIi0CDpW5FLTujYjYBn1CIbK2CJL6TsAg/w409KghP2LucjjzBjsujXDAjyBLWgsfupfUcL5WzdnIPcGfK7XA=="
    },
    "rsts": {
      "version": "0.0.4",
      "resolved": "https://registry.npmjs.org/rsts/-/rsts-0.0.4.tgz",
      "integrity": "sha512-fDV/ORSMS+b18d7Ai6LYvxTtcUOV/sZpNxqjqOZuknHeHthaU35hZ1ZUILKR1vh9Yarxw7/iSx53/XDwIZJopA=="
    },
    "sqlite": {
      "version": "4.0.23",
      "resolved": "https://registry.npmjs.org/sqlite/-/sqlite-4.0.23.tgz",
      "integrity": "sha512-dSdmSkrdIhUL7xP/fiEMfFuAo4dxb0afag3rK8T4Y9lYxE3g3fXT0J8H9qSFvmcKxnM0zEA8yvLbpdWQ8mom3g=="
    },
    "ssr-window": {
      "version": "4.0.2",
      "resolved": "https://registry.npmjs.org/ssr-window/-/ssr-window-4.0.2.tgz",
      "integrity": "sha512-ISv/Ch+ig7SOtw7G2+qkwfVASzazUnvlDTwypdLoPoySv+6MqlOV10VwPSE6EWkGjhW50lUmghPmpYZXMu/+AQ=="
    },
    "swiper": {
      "version": "7.3.3",
      "resolved": "https://registry.npmjs.org/swiper/-/swiper-7.3.3.tgz",
      "integrity": "sha512-Y6kjNI3MhqkLPOf01AZwXMxULMeFDEavArDyVKbOlBLhz+h3hj4vIHwbDUwI0k5iVH7VYNE67jWLsQmoKjuaVA==",
      "requires": {
        "dom7": "^4.0.2",
        "ssr-window": "^4.0.2"
      }
    },
    "tg": {
      "version": "0.0.7",
      "resolved": "https://registry.npmjs.org/tg/-/tg-0.0.7.tgz",
      "integrity": "sha1-lAqU3traBd/5e59berSyH/b09Xw="
    },
    "typed": {
      "version": "2.0.0-alpha.0",
      "resolved": "https://registry.npmjs.org/typed/-/typed-2.0.0-alpha.0.tgz",
      "integrity": "sha512-K7y1Ayhov7umfj5a61WbkpHHMypjttJBLcXvXOBGXLeXv97oFxKAOSqZS4w5AihesLOrLLhLsV2bDqtuM8Zqow==",
      "requires": {
        "rsts": "^0.0.4"
      }
    },
    "typedjs": {
      "version": "0.2.2",
      "resolved": "https://registry.npmjs.org/typedjs/-/typedjs-0.2.2.tgz",
      "integrity": "sha1-dQLMyeUz4oXTCo4pLC72l+FnDw8=",
      "requires": {
        "dune": "*",
        "esprima": "*",
        "fu": "*",
        "tg": "*"
      }
    }
  }
}
